// !$*UTF8*$!
{
	archiveVersion = 1;
	classes = {
	};
	objectVersion = 77;
	objects = {

/* Begin PBXBuildFile section */
		11DE16DF9E9D34B9DE6D1ED5 /* TransactionsView.swift in Sources */ = {isa = PBXBuildFile; fileRef = C4633A132B8C3D866A9CA883 /* TransactionsView.swift */; };
		156C9422768051B4421D82FF /* RadarView.swift in Sources */ = {isa = PBXBuildFile; fileRef = EC7E5F7DFE4B53F01FE41074 /* RadarView.swift */; };
		244ABEF066408BD23A13779D /* ReadCache.swift in Sources */ = {isa = PBXBuildFile; fileRef = 3875242D9A996BD7708D4255 /* ReadCache.swift */; };
		2473F732A2F4D83191BE349A /* Repositories.swift in Sources */ = {isa = PBXBuildFile; fileRef = D65E9407A48E00EFA81F977D /* Repositories.swift */; };
		25D2B119F8D6E585DAFA5316 /* AddTransactionView.swift in Sources */ = {isa = PBXBuildFile; fileRef = 96205B90768C1AB32396E471 /* AddTransactionView.swift */; };
		26607E44C5291B8D66D39599 /* APIClient.swift in Sources */ = {isa = PBXBuildFile; fileRef = B672A04ABB6F28BE8B6F8962 /* APIClient.swift */; };
		32F146AAD881123F5656F7BF /* MoreView.swift in Sources */ = {isa = PBXBuildFile; fileRef = 3CB3641B6D24D9F405D2FA58 /* MoreView.swift */; };
		3650275793443D9FDF0B5759 /* PortfolioView.swift in Sources */ = {isa = PBXBuildFile; fileRef = 31B0E75AF7F19ED1D20610AF /* PortfolioView.swift */; };
		378132BDCB39AE9EEB2DCEB9 /* NavigationUITests.swift in Sources */ = {isa = PBXBuildFile; fileRef = A2DA7CABBC239FC19126EF52 /* NavigationUITests.swift */; };
		38F31E27BCEB8EFCCBDEF51B /* RootView.swift in Sources */ = {isa = PBXBuildFile; fileRef = 02B74CEDDC2F4659D9766FFE /* RootView.swift */; };
		3C3100CE32449533AA357292 /* SecureKeychainStore.swift in Sources */ = {isa = PBXBuildFile; fileRef = 61C68CA33CD6DBC35EA67090 /* SecureKeychainStore.swift */; };
		44F9B927EB33E40B83AE7D58 /* SiloxWidget.swift in Sources */ = {isa = PBXBuildFile; fileRef = 6BB591B320038C0FDA4E27F6 /* SiloxWidget.swift */; };
		4684161E5F988E2C9EC492AA /* SiloxWidgetBundle.swift in Sources */ = {isa = PBXBuildFile; fileRef = 993082DBBA769F8B67A0600A /* SiloxWidgetBundle.swift */; };
		4A576E81ABE092BE5EE7B309 /* LiveSupabaseUITests.swift in Sources */ = {isa = PBXBuildFile; fileRef = 2344CBF8716B66F84FACB2C2 /* LiveSupabaseUITests.swift */; };
		4C8CE277327CC1B797B80695 /* SiloxWidgetExtension.appex in Embed Foundation Extensions */ = {isa = PBXBuildFile; fileRef = BB8DEB83D74447D2D3AD9F87 /* SiloxWidgetExtension.appex */; settings = {ATTRIBUTES = (RemoveHeadersOnCopy, ); }; };
		56B450A37DE7ECE3D5D21E55 /* SessionStoreTests.swift in Sources */ = {isa = PBXBuildFile; fileRef = E475D55B61A657246221B32E /* SessionStoreTests.swift */; };
		5D66D8757A890CFBBA9DCD26 /* PrivacyInfo.xcprivacy in Resources */ = {isa = PBXBuildFile; fileRef = 42299223C1270749CDB36540 /* PrivacyInfo.xcprivacy */; };
		5E5F3DDC5C17923BC39DC58D /* WireModels.swift in Sources */ = {isa = PBXBuildFile; fileRef = A0EF65797D006056078E1CD4 /* WireModels.swift */; };
		76248DDB56A99B8C656B30BD /* SessionStore.swift in Sources */ = {isa = PBXBuildFile; fileRef = F326536501220D7398A2C898 /* SessionStore.swift */; };
		7F44B0D00E2D780EEEAFF502 /* Assets.xcassets in Resources */ = {isa = PBXBuildFile; fileRef = B12F9403FEE14CEBDE6AA298 /* Assets.xcassets */; };
		85F4448A7488E850D60656F0 /* SecureKeychainStore.swift in Sources */ = {isa = PBXBuildFile; fileRef = 61C68CA33CD6DBC35EA67090 /* SecureKeychainStore.swift */; };
		91748B7A40388AEF36C0FF4E /* ModelDecodingTests.swift in Sources */ = {isa = PBXBuildFile; fileRef = 371569EDD02FA61FCD5EC01D /* ModelDecodingTests.swift */; };
		A0F0239577E225691701FA7B /* InsightsViews.swift in Sources */ = {isa = PBXBuildFile; fileRef = FC9ED9189ECD919466A81132 /* InsightsViews.swift */; };
		B733EF1372D395F7EFD29DD3 /* LoadState.swift in Sources */ = {isa = PBXBuildFile; fileRef = D069ACB050B6D764B67F7EB2 /* LoadState.swift */; };
		BB24973E096A461D7DF120D8 /* ContractFixtureTests.swift in Sources */ = {isa = PBXBuildFile; fileRef = 8B71742447A6BD2331BE3CC3 /* ContractFixtureTests.swift */; };
		C5E63670846CB56059D40DE7 /* DesignSystem.swift in Sources */ = {isa = PBXBuildFile; fileRef = 8CA4E2E1ED74A894A95CD7B7 /* DesignSystem.swift */; };
		C66819B5F84A642A6CD83796 /* Assets.xcassets in Resources */ = {isa = PBXBuildFile; fileRef = 76989E05CECAD7B8B3C424A7 /* Assets.xcassets */; };
		D644DD499B51E6BDD8C102DD /* SignInView.swift in Sources */ = {isa = PBXBuildFile; fileRef = 266092BA6835AAD1C7C07A0D /* SignInView.swift */; };
		D6651672AAB67CE2C1903FCE /* DomainModels.swift in Sources */ = {isa = PBXBuildFile; fileRef = E1CE0178B5A172679112FCFF /* DomainModels.swift */; };
		DBDD579D5A381045FE806B28 /* BiometricAuth.swift in Sources */ = {isa = PBXBuildFile; fileRef = 1BAD2A9F67301329A9420F8E /* BiometricAuth.swift */; };
		DC4A35AB36469BDEB03D9A05 /* SiloxApp.swift in Sources */ = {isa = PBXBuildFile; fileRef = 0C0671E73834E623DFE8D7E5 /* SiloxApp.swift */; };
		EC44712307FA9C2598263492 /* OAuthWebSession.swift in Sources */ = {isa = PBXBuildFile; fileRef = A04A6F1B8143ADF82E501C1E /* OAuthWebSession.swift */; };
		F1CCF91BA87BAC6F0D74364A /* PrivacyInfo.xcprivacy in Resources */ = {isa = PBXBuildFile; fileRef = 14882EE7E68AFD84442C7A6D /* PrivacyInfo.xcprivacy */; };
		F587B6624F0CE87684337A8B /* ReadCacheTests.swift in Sources */ = {isa = PBXBuildFile; fileRef = BF00AA6EA708A0A24DC29A77 /* ReadCacheTests.swift */; };
/* End PBXBuildFile section */

/* Begin PBXContainerItemProxy section */
		5948DD3EFB0492F09F42AF57 /* PBXContainerItemProxy */ = {
			isa = PBXContainerItemProxy;
			containerPortal = 6B590BF25178DC7D824D09CE /* Project object */;
			proxyType = 1;
			remoteGlobalIDString = 98CDDEBB1D512FA71823C9D3;
			remoteInfo = Silox;
		};
		D0ECA6A291F910AF37419D60 /* PBXContainerItemProxy */ = {
			isa = PBXContainerItemProxy;
			containerPortal = 6B590BF25178DC7D824D09CE /* Project object */;
			proxyType = 1;
			remoteGlobalIDString = 98CDDEBB1D512FA71823C9D3;
			remoteInfo = Silox;
		};
		EE374371B2DBE06F3D783554 /* PBXContainerItemProxy */ = {
			isa = PBXContainerItemProxy;
			containerPortal = 6B590BF25178DC7D824D09CE /* Project object */;
			proxyType = 1;
			remoteGlobalIDString = 3827A2C4481824FDFB1E92DF;
			remoteInfo = SiloxWidgetExtension;
		};
/* End PBXContainerItemProxy section */

/* Begin PBXCopyFilesBuildPhase section */
		35CD699180EED2B3A54B47A7 /* Embed Foundation Extensions */ = {
			isa = PBXCopyFilesBuildPhase;
			buildActionMask = 2147483647;
			dstPath = "";
			dstSubfolderSpec = 13;
			files = (
				4C8CE277327CC1B797B80695 /* SiloxWidgetExtension.appex in Embed Foundation Extensions */,
			);
			name = "Embed Foundation Extensions";
			runOnlyForDeploymentPostprocessing = 0;
		};
/* End PBXCopyFilesBuildPhase section */

/* Begin PBXFileReference section */
		02B74CEDDC2F4659D9766FFE /* RootView.swift */ = {isa = PBXFileReference; lastKnownFileType = sourcecode.swift; path = RootView.swift; sourceTree = "<group>"; };
		0C0671E73834E623DFE8D7E5 /* SiloxApp.swift */ = {isa = PBXFileReference; lastKnownFileType = sourcecode.swift; path = SiloxApp.swift; sourceTree = "<group>"; };
		14882EE7E68AFD84442C7A6D /* PrivacyInfo.xcprivacy */ = {isa = PBXFileReference; path = PrivacyInfo.xcprivacy; sourceTree = "<group>"; };
		167DEFA905358AF7F183CE44 /* Info.plist */ = {isa = PBXFileReference; lastKnownFileType = text.plist; path = Info.plist; sourceTree = "<group>"; };
		17D018AA5B9EBA23AE82AD7B /* Silox.app */ = {isa = PBXFileReference; includeInIndex = 0; lastKnownFileType = wrapper.application; path = Silox.app; sourceTree = BUILT_PRODUCTS_DIR; };
		1BAD2A9F67301329A9420F8E /* BiometricAuth.swift */ = {isa = PBXFileReference; lastKnownFileType = sourcecode.swift; path = BiometricAuth.swift; sourceTree = "<group>"; };
		2344CBF8716B66F84FACB2C2 /* LiveSupabaseUITests.swift */ = {isa = PBXFileReference; lastKnownFileType = sourcecode.swift; path = LiveSupabaseUITests.swift; sourceTree = "<group>"; };
		266092BA6835AAD1C7C07A0D /* SignInView.swift */ = {isa = PBXFileReference; lastKnownFileType = sourcecode.swift; path = SignInView.swift; sourceTree = "<group>"; };
		31B0E75AF7F19ED1D20610AF /* PortfolioView.swift */ = {isa = PBXFileReference; lastKnownFileType = sourcecode.swift; path = PortfolioView.swift; sourceTree = "<group>"; };
		371569EDD02FA61FCD5EC01D /* ModelDecodingTests.swift */ = {isa = PBXFileReference; lastKnownFileType = sourcecode.swift; path = ModelDecodingTests.swift; sourceTree = "<group>"; };
		3875242D9A996BD7708D4255 /* ReadCache.swift */ = {isa = PBXFileReference; lastKnownFileType = sourcecode.swift; path = ReadCache.swift; sourceTree = "<group>"; };
		3CB3641B6D24D9F405D2FA58 /* MoreView.swift */ = {isa = PBXFileReference; lastKnownFileType = sourcecode.swift; path = MoreView.swift; sourceTree = "<group>"; };
		42299223C1270749CDB36540 /* PrivacyInfo.xcprivacy */ = {isa = PBXFileReference; path = PrivacyInfo.xcprivacy; sourceTree = "<group>"; };
		4A496B104EA03BEF3FD03592 /* Staging.xcconfig */ = {isa = PBXFileReference; lastKnownFileType = text.xcconfig; path = Staging.xcconfig; sourceTree = "<group>"; };
		4FD567DAF9B5570415C58941 /* Info.plist */ = {isa = PBXFileReference; lastKnownFileType = text.plist; path = Info.plist; sourceTree = "<group>"; };
		61C68CA33CD6DBC35EA67090 /* SecureKeychainStore.swift */ = {isa = PBXFileReference; lastKnownFileType = sourcecode.swift; path = SecureKeychainStore.swift; sourceTree = "<group>"; };
		6BB591B320038C0FDA4E27F6 /* SiloxWidget.swift */ = {isa = PBXFileReference; lastKnownFileType = sourcecode.swift; path = SiloxWidget.swift; sourceTree = "<group>"; };
		76989E05CECAD7B8B3C424A7 /* Assets.xcassets */ = {isa = PBXFileReference; lastKnownFileType = folder.assetcatalog; path = Assets.xcassets; sourceTree = "<group>"; };
		7C2AC2476E9B83F2B7CD0145 /* Debug.xcconfig */ = {isa = PBXFileReference; lastKnownFileType = text.xcconfig; path = Debug.xcconfig; sourceTree = "<group>"; };
		8B71742447A6BD2331BE3CC3 /* ContractFixtureTests.swift */ = {isa = PBXFileReference; lastKnownFileType = sourcecode.swift; path = ContractFixtureTests.swift; sourceTree = "<group>"; };
		8CA4E2E1ED74A894A95CD7B7 /* DesignSystem.swift */ = {isa = PBXFileReference; lastKnownFileType = sourcecode.swift; path = DesignSystem.swift; sourceTree = "<group>"; };
		949C1D190D1760AF802F1DF0 /* SiloxTests.xctest */ = {isa = PBXFileReference; includeInIndex = 0; lastKnownFileType = wrapper.cfbundle; path = SiloxTests.xctest; sourceTree = BUILT_PRODUCTS_DIR; };
		96205B90768C1AB32396E471 /* AddTransactionView.swift */ = {isa = PBXFileReference; lastKnownFileType = sourcecode.swift; path = AddTransactionView.swift; sourceTree = "<group>"; };
		993082DBBA769F8B67A0600A /* SiloxWidgetBundle.swift */ = {isa = PBXFileReference; lastKnownFileType = sourcecode.swift; path = SiloxWidgetBundle.swift; sourceTree = "<group>"; };
		A04A6F1B8143ADF82E501C1E /* OAuthWebSession.swift */ = {isa = PBXFileReference; lastKnownFileType = sourcecode.swift; path = OAuthWebSession.swift; sourceTree = "<group>"; };
		A0EF65797D006056078E1CD4 /* WireModels.swift */ = {isa = PBXFileReference; lastKnownFileType = sourcecode.swift; path = WireModels.swift; sourceTree = "<group>"; };
		A2DA7CABBC239FC19126EF52 /* NavigationUITests.swift */ = {isa = PBXFileReference; lastKnownFileType = sourcecode.swift; path = NavigationUITests.swift; sourceTree = "<group>"; };
		B12F9403FEE14CEBDE6AA298 /* Assets.xcassets */ = {isa = PBXFileReference; lastKnownFileType = folder.assetcatalog; path = Assets.xcassets; sourceTree = "<group>"; };
		B672A04ABB6F28BE8B6F8962 /* APIClient.swift */ = {isa = PBXFileReference; lastKnownFileType = sourcecode.swift; path = APIClient.swift; sourceTree = "<group>"; };
		BAA399B137B1BADFC8357923 /* Release.xcconfig */ = {isa = PBXFileReference; lastKnownFileType = text.xcconfig; path = Release.xcconfig; sourceTree = "<group>"; };
		BB8DEB83D74447D2D3AD9F87 /* SiloxWidgetExtension.appex */ = {isa = PBXFileReference; includeInIndex = 0; lastKnownFileType = "wrapper.app-extension"; path = SiloxWidgetExtension.appex; sourceTree = BUILT_PRODUCTS_DIR; };
		BF00AA6EA708A0A24DC29A77 /* ReadCacheTests.swift */ = {isa = PBXFileReference; lastKnownFileType = sourcecode.swift; path = ReadCacheTests.swift; sourceTree = "<group>"; };
		BF91941A68CB41A205012531 /* SiloxUITests.xctest */ = {isa = PBXFileReference; includeInIndex = 0; lastKnownFileType = wrapper.cfbundle; path = SiloxUITests.xctest; sourceTree = BUILT_PRODUCTS_DIR; };
		C4633A132B8C3D866A9CA883 /* TransactionsView.swift */ = {isa = PBXFileReference; lastKnownFileType = sourcecode.swift; path = TransactionsView.swift; sourceTree = "<group>"; };
		D069ACB050B6D764B67F7EB2 /* LoadState.swift */ = {isa = PBXFileReference; lastKnownFileType = sourcecode.swift; path = LoadState.swift; sourceTree = "<group>"; };
		D65E9407A48E00EFA81F977D /* Repositories.swift */ = {isa = PBXFileReference; lastKnownFileType = sourcecode.swift; path = Repositories.swift; sourceTree = "<group>"; };
		E1CE0178B5A172679112FCFF /* DomainModels.swift */ = {isa = PBXFileReference; lastKnownFileType = sourcecode.swift; path = DomainModels.swift; sourceTree = "<group>"; };
		E475D55B61A657246221B32E /* SessionStoreTests.swift */ = {isa = PBXFileReference; lastKnownFileType = sourcecode.swift; path = SessionStoreTests.swift; sourceTree = "<group>"; };
		EC7E5F7DFE4B53F01FE41074 /* RadarView.swift */ = {isa = PBXFileReference; lastKnownFileType = sourcecode.swift; path = RadarView.swift; sourceTree = "<group>"; };
		F326536501220D7398A2C898 /* SessionStore.swift */ = {isa = PBXFileReference; lastKnownFileType = sourcecode.swift; path = SessionStore.swift; sourceTree = "<group>"; };
		FC9ED9189ECD919466A81132 /* InsightsViews.swift */ = {isa = PBXFileReference; lastKnownFileType = sourcecode.swift; path = InsightsViews.swift; sourceTree = "<group>"; };
/* End PBXFileReference section */

/* Begin PBXGroup section */
		0F558DDE9F4006ECAA5AC901 /* More */ = {
			isa = PBXGroup;
			children = (
				FC9ED9189ECD919466A81132 /* InsightsViews.swift */,
				3CB3641B6D24D9F405D2FA58 /* MoreView.swift */,
			);
			path = More;
			sourceTree = "<group>";
		};
		23D2AE57956AE4B0B93DF2F1 /* Cache */ = {
			isa = PBXGroup;
			children = (
				3875242D9A996BD7708D4255 /* ReadCache.swift */,
			);
			path = Cache;
			sourceTree = "<group>";
		};
		4102E3E068508DD683953C7D = {
			isa = PBXGroup;
			children = (
				443E9F32F0EC65EEBF466F3B /* App */,
				F5779219818545BA98D25F9F /* Config */,
				9D2C6B5818429C4B03B3E455 /* Shared */,
				8252A9E9DC4BF0E5B7415300 /* SiloxTests */,
				DFEA11E6505426BB306BDE1A /* SiloxUITests */,
				ABB36755F7CB83E495B89656 /* SiloxWidget */,
				E9C3DB3EC6D7655028A9C0D3 /* Products */,
			);
			sourceTree = "<group>";
		};
		443E9F32F0EC65EEBF466F3B /* App */ = {
			isa = PBXGroup;
			children = (
				76989E05CECAD7B8B3C424A7 /* Assets.xcassets */,
				42299223C1270749CDB36540 /* PrivacyInfo.xcprivacy */,
				856C97B95C46D010C5DA1C7C /* App */,
				4EC8E5579938F802B902E774 /* Core */,
				EBC1FA4726097945D93D1BA2 /* Features */,
				4B8DD72AD7356663EB6BAE3A /* Models */,
				FD22E5FBD848AF5E2FB5291B /* Repositories */,
				7048270597C4F01ABA7ABF44 /* Resources */,
			);
			path = App;
			sourceTree = "<group>";
		};
		45AF553A45CAD86AA12AAE5E /* Radar */ = {
			isa = PBXGroup;
			children = (
				EC7E5F7DFE4B53F01FE41074 /* RadarView.swift */,
			);
			path = Radar;
			sourceTree = "<group>";
		};
		4B8DD72AD7356663EB6BAE3A /* Models */ = {
			isa = PBXGroup;
			children = (
				E1CE0178B5A172679112FCFF /* DomainModels.swift */,
				A0EF65797D006056078E1CD4 /* WireModels.swift */,
			);
			path = Models;
			sourceTree = "<group>";
		};
		4EC8E5579938F802B902E774 /* Core */ = {
			isa = PBXGroup;
			children = (
				6D19D320ACD152959891ABD9 /* API */,
				8416BFD0AD9C3A52432274BD /* Auth */,
				23D2AE57956AE4B0B93DF2F1 /* Cache */,
				94C2BBD4BC92AF63D86EBE11 /* Design */,
			);
			path = Core;
			sourceTree = "<group>";
		};
		61CE44B2FDFEC05F5B885A18 /* Shared */ = {
			isa = PBXGroup;
			children = (
				D069ACB050B6D764B67F7EB2 /* LoadState.swift */,
			);
			path = Shared;
			sourceTree = "<group>";
		};
		6D19D320ACD152959891ABD9 /* API */ = {
			isa = PBXGroup;
			children = (
				B672A04ABB6F28BE8B6F8962 /* APIClient.swift */,
			);
			path = API;
			sourceTree = "<group>";
		};
		7048270597C4F01ABA7ABF44 /* Resources */ = {
			isa = PBXGroup;
			children = (
			);
			path = Resources;
			sourceTree = "<group>";
		};
		8252A9E9DC4BF0E5B7415300 /* SiloxTests */ = {
			isa = PBXGroup;
			children = (
				8B71742447A6BD2331BE3CC3 /* ContractFixtureTests.swift */,
				371569EDD02FA61FCD5EC01D /* ModelDecodingTests.swift */,
				BF00AA6EA708A0A24DC29A77 /* ReadCacheTests.swift */,
				E475D55B61A657246221B32E /* SessionStoreTests.swift */,
			);
			path = SiloxTests;
			sourceTree = "<group>";
		};
		8416BFD0AD9C3A52432274BD /* Auth */ = {
			isa = PBXGroup;
			children = (
				1BAD2A9F67301329A9420F8E /* BiometricAuth.swift */,
				A04A6F1B8143ADF82E501C1E /* OAuthWebSession.swift */,
				F326536501220D7398A2C898 /* SessionStore.swift */,
			);
			path = Auth;
			sourceTree = "<group>";
		};
		856C97B95C46D010C5DA1C7C /* App */ = {
			isa = PBXGroup;
			children = (
				02B74CEDDC2F4659D9766FFE /* RootView.swift */,
				0C0671E73834E623DFE8D7E5 /* SiloxApp.swift */,
			);
			path = App;
			sourceTree = "<group>";
		};
		94C2BBD4BC92AF63D86EBE11 /* Design */ = {
			isa = PBXGroup;
			children = (
				8CA4E2E1ED74A894A95CD7B7 /* DesignSystem.swift */,
			);
			path = Design;
			sourceTree = "<group>";
		};
		9D2C6B5818429C4B03B3E455 /* Shared */ = {
			isa = PBXGroup;
			children = (
				61C68CA33CD6DBC35EA67090 /* SecureKeychainStore.swift */,
			);
			path = Shared;
			sourceTree = "<group>";
		};
		ABB36755F7CB83E495B89656 /* SiloxWidget */ = {
			isa = PBXGroup;
			children = (
				B12F9403FEE14CEBDE6AA298 /* Assets.xcassets */,
				167DEFA905358AF7F183CE44 /* Info.plist */,
				14882EE7E68AFD84442C7A6D /* PrivacyInfo.xcprivacy */,
				6BB591B320038C0FDA4E27F6 /* SiloxWidget.swift */,
				993082DBBA769F8B67A0600A /* SiloxWidgetBundle.swift */,
			);
			path = SiloxWidget;
			sourceTree = "<group>";
		};
		D23FBC238E2D78516B259273 /* Portfolio */ = {
			isa = PBXGroup;
			children = (
				31B0E75AF7F19ED1D20610AF /* PortfolioView.swift */,
			);
			path = Portfolio;
			sourceTree = "<group>";
		};
		D3B1D3AD752C6D4B99F1354F /* Authentication */ = {
			isa = PBXGroup;
			children = (
				266092BA6835AAD1C7C07A0D /* SignInView.swift */,
			);
			path = Authentication;
			sourceTree = "<group>";
		};
		DFEA11E6505426BB306BDE1A /* SiloxUITests */ = {
			isa = PBXGroup;
			children = (
				4FD567DAF9B5570415C58941 /* Info.plist */,
				2344CBF8716B66F84FACB2C2 /* LiveSupabaseUITests.swift */,
				A2DA7CABBC239FC19126EF52 /* NavigationUITests.swift */,
			);
			path = SiloxUITests;
			sourceTree = "<group>";
		};
		E9C3DB3EC6D7655028A9C0D3 /* Products */ = {
			isa = PBXGroup;
			children = (
				17D018AA5B9EBA23AE82AD7B /* Silox.app */,
				949C1D190D1760AF802F1DF0 /* SiloxTests.xctest */,
				BF91941A68CB41A205012531 /* SiloxUITests.xctest */,
				BB8DEB83D74447D2D3AD9F87 /* SiloxWidgetExtension.appex */,
			);
			name = Products;
			sourceTree = "<group>";
		};
		EBC1FA4726097945D93D1BA2 /* Features */ = {
			isa = PBXGroup;
			children = (
				D3B1D3AD752C6D4B99F1354F /* Authentication */,
				0F558DDE9F4006ECAA5AC901 /* More */,
				D23FBC238E2D78516B259273 /* Portfolio */,
				45AF553A45CAD86AA12AAE5E /* Radar */,
				61CE44B2FDFEC05F5B885A18 /* Shared */,
				FBBBEBA41986895D2769C011 /* Transactions */,
			);
			path = Features;
			sourceTree = "<group>";
		};
		F5779219818545BA98D25F9F /* Config */ = {
			isa = PBXGroup;
			children = (
				7C2AC2476E9B83F2B7CD0145 /* Debug.xcconfig */,
				BAA399B137B1BADFC8357923 /* Release.xcconfig */,
				4A496B104EA03BEF3FD03592 /* Staging.xcconfig */,
			);
			path = Config;
			sourceTree = "<group>";
		};
		FBBBEBA41986895D2769C011 /* Transactions */ = {
			isa = PBXGroup;
			children = (
				96205B90768C1AB32396E471 /* AddTransactionView.swift */,
				C4633A132B8C3D866A9CA883 /* TransactionsView.swift */,
			);
			path = Transactions;
			sourceTree = "<group>";
		};
		FD22E5FBD848AF5E2FB5291B /* Repositories */ = {
			isa = PBXGroup;
			children = (
				D65E9407A48E00EFA81F977D /* Repositories.swift */,
			);
			path = Repositories;
			sourceTree = "<group>";
		};
/* End PBXGroup section */

/* Begin PBXNativeTarget section */
		3827A2C4481824FDFB1E92DF /* SiloxWidgetExtension */ = {
			isa = PBXNativeTarget;
			buildConfigurationList = 5F5E3D6976B7FFD75E055A3C /* Build configuration list for PBXNativeTarget "SiloxWidgetExtension" */;
			buildPhases = (
				7ECA9B687B184DFA70095358 /* Sources */,
				42914CA2B3AC7CD11401E946 /* Resources */,
			);
			buildRules = (
			);
			dependencies = (
			);
			name = SiloxWidgetExtension;
			packageProductDependencies = (
			);
			productName = SiloxWidgetExtension;
			productReference = BB8DEB83D74447D2D3AD9F87 /* SiloxWidgetExtension.appex */;
			productType = "com.apple.product-type.app-extension";
		};
		389310BA0305FA3BC6273C4E /* SiloxTests */ = {
			isa = PBXNativeTarget;
			buildConfigurationList = BAC985EC7E23D04286CD0F81 /* Build configuration list for PBXNativeTarget "SiloxTests" */;
			buildPhases = (
				D7574999627C9AE10F27F086 /* Sources */,
			);
			buildRules = (
			);
			dependencies = (
				6C44A3A33C5FF8D5D5C104B1 /* PBXTargetDependency */,
			);
			name = SiloxTests;
			packageProductDependencies = (
			);
			productName = SiloxTests;
			productReference = 949C1D190D1760AF802F1DF0 /* SiloxTests.xctest */;
			productType = "com.apple.product-type.bundle.unit-test";
		};
		98CDDEBB1D512FA71823C9D3 /* Silox */ = {
			isa = PBXNativeTarget;
			buildConfigurationList = E999D124248901EB78756F4D /* Build configuration list for PBXNativeTarget "Silox" */;
			buildPhases = (
				626168109E318A5EC4F1DFE7 /* Sources */,
				F94C7268C4B3EE0B47A7B4A9 /* Resources */,
				35CD699180EED2B3A54B47A7 /* Embed Foundation Extensions */,
			);
			buildRules = (
			);
			dependencies = (
				34F19F3AFD9EDBE709A2883A /* PBXTargetDependency */,
			);
			name = Silox;
			packageProductDependencies = (
			);
			productName = Silox;
			productReference = 17D018AA5B9EBA23AE82AD7B /* Silox.app */;
			productType = "com.apple.product-type.application";
		};
		9A331DA49DA7A869B4F95144 /* SiloxUITests */ = {
			isa = PBXNativeTarget;
			buildConfigurationList = 27A2C83FA0073C4D2BCAD64E /* Build configuration list for PBXNativeTarget "SiloxUITests" */;
			buildPhases = (
				3BA92016D861DD28B4A70F0C /* Sources */,
			);
			buildRules = (
			);
			dependencies = (
				143137123A6AD9BBD026A19A /* PBXTargetDependency */,
			);
			name = SiloxUITests;
			packageProductDependencies = (
			);
			productName = SiloxUITests;
			productReference = BF91941A68CB41A205012531 /* SiloxUITests.xctest */;
			productType = "com.apple.product-type.bundle.ui-testing";
		};
/* End PBXNativeTarget section */

/* Begin PBXProject section */
		6B590BF25178DC7D824D09CE /* Project object */ = {
			isa = PBXProject;
			attributes = {
				BuildIndependentTargetsInParallel = YES;
				LastUpgradeCheck = 1600;
				TargetAttributes = {
					3827A2C4481824FDFB1E92DF = {
						DevelopmentTeam = MVY4C25YM4;
						ProvisioningStyle = Automatic;
					};
					389310BA0305FA3BC6273C4E = {
						DevelopmentTeam = MVY4C25YM4;
						ProvisioningStyle = Automatic;
					};
					98CDDEBB1D512FA71823C9D3 = {
						DevelopmentTeam = MVY4C25YM4;
						ProvisioningStyle = Automatic;
					};
					9A331DA49DA7A869B4F95144 = {
						DevelopmentTeam = MVY4C25YM4;
						ProvisioningStyle = Automatic;
						TestTargetID = 98CDDEBB1D512FA71823C9D3;
					};
				};
			};
			buildConfigurationList = B3FD05C59F197F398A0B04AB /* Build configuration list for PBXProject "App" */;
			compatibilityVersion = "Xcode 14.0";
			developmentRegion = en;
			hasScannedForEncodings = 0;
			knownRegions = (
				Base,
				en,
			);
			mainGroup = 4102E3E068508DD683953C7D;
			minimizedProjectReferenceProxies = 1;
			preferredProjectObjectVersion = 77;
			projectDirPath = "";
			projectRoot = "";
			targets = (
				98CDDEBB1D512FA71823C9D3 /* Silox */,
				389310BA0305FA3BC6273C4E /* SiloxTests */,
				9A331DA49DA7A869B4F95144 /* SiloxUITests */,
				3827A2C4481824FDFB1E92DF /* SiloxWidgetExtension */,
			);
		};
/* End PBXProject section */

/* Begin PBXResourcesBuildPhase section */
		42914CA2B3AC7CD11401E946 /* Resources */ = {
			isa = PBXResourcesBuildPhase;
			buildActionMask = 2147483647;
			files = (
				7F44B0D00E2D780EEEAFF502 /* Assets.xcassets in Resources */,
				F1CCF91BA87BAC6F0D74364A /* PrivacyInfo.xcprivacy in Resources */,
			);
			runOnlyForDeploymentPostprocessing = 0;
		};
		F94C7268C4B3EE0B47A7B4A9 /* Resources */ = {
			isa = PBXResourcesBuildPhase;
			buildActionMask = 2147483647;
			files = (
				C66819B5F84A642A6CD83796 /* Assets.xcassets in Resources */,
				5D66D8757A890CFBBA9DCD26 /* PrivacyInfo.xcprivacy in Resources */,
			);
			runOnlyForDeploymentPostprocessing = 0;
		};
/* End PBXResourcesBuildPhase section */

/* Begin PBXSourcesBuildPhase section */
		3BA92016D861DD28B4A70F0C /* Sources */ = {
			isa = PBXSourcesBuildPhase;
			buildActionMask = 2147483647;
			files = (
				4A576E81ABE092BE5EE7B309 /* LiveSupabaseUITests.swift in Sources */,
				378132BDCB39AE9EEB2DCEB9 /* NavigationUITests.swift in Sources */,
			);
			runOnlyForDeploymentPostprocessing = 0;
		};
		626168109E318A5EC4F1DFE7 /* Sources */ = {
			isa = PBXSourcesBuildPhase;
			buildActionMask = 2147483647;
			files = (
				26607E44C5291B8D66D39599 /* APIClient.swift in Sources */,
				25D2B119F8D6E585DAFA5316 /* AddTransactionView.swift in Sources */,
				DBDD579D5A381045FE806B28 /* BiometricAuth.swift in Sources */,
				C5E63670846CB56059D40DE7 /* DesignSystem.swift in Sources */,
				D6651672AAB67CE2C1903FCE /* DomainModels.swift in Sources */,
				A0F0239577E225691701FA7B /* InsightsViews.swift in Sources */,
				B733EF1372D395F7EFD29DD3 /* LoadState.swift in Sources */,
				32F146AAD881123F5656F7BF /* MoreView.swift in Sources */,
				EC44712307FA9C2598263492 /* OAuthWebSession.swift in Sources */,
				3650275793443D9FDF0B5759 /* PortfolioView.swift in Sources */,
				156C9422768051B4421D82FF /* RadarView.swift in Sources */,
				244ABEF066408BD23A13779D /* ReadCache.swift in Sources */,
				2473F732A2F4D83191BE349A /* Repositories.swift in Sources */,
				38F31E27BCEB8EFCCBDEF51B /* RootView.swift in Sources */,
				85F4448A7488E850D60656F0 /* SecureKeychainStore.swift in Sources */,
				76248DDB56A99B8C656B30BD /* SessionStore.swift in Sources */,
				D644DD499B51E6BDD8C102DD /* SignInView.swift in Sources */,
				DC4A35AB36469BDEB03D9A05 /* SiloxApp.swift in Sources */,
				11DE16DF9E9D34B9DE6D1ED5 /* TransactionsView.swift in Sources */,
				5E5F3DDC5C17923BC39DC58D /* WireModels.swift in Sources */,
			);
			runOnlyForDeploymentPostprocessing = 0;
		};
		7ECA9B687B184DFA70095358 /* Sources */ = {
			isa = PBXSourcesBuildPhase;
			buildActionMask = 2147483647;
			files = (
				3C3100CE32449533AA357292 /* SecureKeychainStore.swift in Sources */,
				44F9B927EB33E40B83AE7D58 /* SiloxWidget.swift in Sources */,
				4684161E5F988E2C9EC492AA /* SiloxWidgetBundle.swift in Sources */,
			);
			runOnlyForDeploymentPostprocessing = 0;
		};
		D7574999627C9AE10F27F086 /* Sources */ = {
			isa = PBXSourcesBuildPhase;
			buildActionMask = 2147483647;
			files = (
				BB24973E096A461D7DF120D8 /* ContractFixtureTests.swift in Sources */,
				91748B7A40388AEF36C0FF4E /* ModelDecodingTests.swift in Sources */,
				F587B6624F0CE87684337A8B /* ReadCacheTests.swift in Sources */,
				56B450A37DE7ECE3D5D21E55 /* SessionStoreTests.swift in Sources */,
			);
			runOnlyForDeploymentPostprocessing = 0;
		};
/* End PBXSourcesBuildPhase section */

/* Begin PBXTargetDependency section */
		143137123A6AD9BBD026A19A /* PBXTargetDependency */ = {
			isa = PBXTargetDependency;
			target = 98CDDEBB1D512FA71823C9D3 /* Silox */;
			targetProxy = 5948DD3EFB0492F09F42AF57 /* PBXContainerItemProxy */;
		};
		34F19F3AFD9EDBE709A2883A /* PBXTargetDependency */ = {
			isa = PBXTargetDependency;
			target = 3827A2C4481824FDFB1E92DF /* SiloxWidgetExtension */;
			targetProxy = EE374371B2DBE06F3D783554 /* PBXContainerItemProxy */;
		};
		6C44A3A33C5FF8D5D5C104B1 /* PBXTargetDependency */ = {
			isa = PBXTargetDependency;
			target = 98CDDEBB1D512FA71823C9D3 /* Silox */;
			targetProxy = D0ECA6A291F910AF37419D60 /* PBXContainerItemProxy */;
		};
/* End PBXTargetDependency section */

/* Begin XCBuildConfiguration section */
		0BC66B9A290A33C76DC91968 /* Staging */ = {
			isa = XCBuildConfiguration;
			buildSettings = {
				BUNDLE_LOADER = "$(TEST_HOST)";
				GENERATE_INFOPLIST_FILE = NO;
				INFOPLIST_FILE = SiloxUITests/Info.plist;
				LD_RUNPATH_SEARCH_PATHS = (
					"$(inherited)",
					"@executable_path/Frameworks",
					"@loader_path/Frameworks",
				);
				PRODUCT_BUNDLE_IDENTIFIER = com.angelcriber.silox.uitests;
				SDKROOT = iphoneos;
				TARGETED_DEVICE_FAMILY = "1,2";
				TEST_TARGET_NAME = Silox;
			};
			name = Staging;
		};
		18DADF997EA0EC0D0D5B1EAE /* Release */ = {
			isa = XCBuildConfiguration;
			buildSettings = {
				BUNDLE_LOADER = "$(TEST_HOST)";
				GENERATE_INFOPLIST_FILE = NO;
				INFOPLIST_FILE = SiloxUITests/Info.plist;
				LD_RUNPATH_SEARCH_PATHS = (
					"$(inherited)",
					"@executable_path/Frameworks",
					"@loader_path/Frameworks",
				);
				PRODUCT_BUNDLE_IDENTIFIER = com.angelcriber.silox.uitests;
				SDKROOT = iphoneos;
				TARGETED_DEVICE_FAMILY = "1,2";
				TEST_TARGET_NAME = Silox;
			};
			name = Release;
		};
		198C47C00F93B099DAA900CE /* Release */ = {
			isa = XCBuildConfiguration;
			buildSettings = {
				APPLICATION_EXTENSION_API_ONLY = YES;
				CODE_SIGN_ENTITLEMENTS = SiloxWidgetExtension.entitlements;
				GENERATE_INFOPLIST_FILE = NO;
				INFOPLIST_FILE = SiloxWidget/Info.plist;
				LD_RUNPATH_SEARCH_PATHS = (
					"$(inherited)",
					"@executable_path/Frameworks",
					"@executable_path/../../Frameworks",
				);
				PRODUCT_BUNDLE_IDENTIFIER = com.angelcriber.silox.SiloxWidget;
				PRODUCT_NAME = SiloxWidgetExtension;
				SDKROOT = iphoneos;
				SKIP_INSTALL = YES;
				TARGETED_DEVICE_FAMILY = 1;
			};
			name = Release;
		};
		2DD644D7907CC39B3FD4FB43 /* Debug */ = {
			isa = XCBuildConfiguration;
			buildSettings = {
				BUNDLE_LOADER = "$(TEST_HOST)";
				GENERATE_INFOPLIST_FILE = NO;
				INFOPLIST_FILE = SiloxUITests/Info.plist;
				LD_RUNPATH_SEARCH_PATHS = (
					"$(inherited)",
					"@executable_path/Frameworks",
					"@loader_path/Frameworks",
				);
				PRODUCT_BUNDLE_IDENTIFIER = com.angelcriber.silox.uitests;
				SDKROOT = iphoneos;
				TARGETED_DEVICE_FAMILY = "1,2";
				TEST_TARGET_NAME = Silox;
			};
			name = Debug;
		};
		3398A750792E24C29AA6F0F7 /* Debug */ = {
			isa = XCBuildConfiguration;
			buildSettings = {
				ASSETCATALOG_COMPILER_APPICON_NAME = AppIcon;
				ASSETCATALOG_COMPILER_GLOBAL_ACCENT_COLOR_NAME = AccentColor;
				CODE_SIGN_ENTITLEMENTS = App/App.entitlements;
				CODE_SIGN_IDENTITY = "iPhone Developer";
				GENERATE_INFOPLIST_FILE = NO;
				INFOPLIST_FILE = App/Info.plist;
				LD_RUNPATH_SEARCH_PATHS = (
					"$(inherited)",
					"@executable_path/Frameworks",
				);
				PRODUCT_BUNDLE_IDENTIFIER = com.angelcriber.silox;
				PRODUCT_NAME = Silox;
				SDKROOT = iphoneos;
				TARGETED_DEVICE_FAMILY = 1;
			};
			name = Debug;
		};
		3FEEAFF89C3D1C900B79BFEC /* Release */ = {
			isa = XCBuildConfiguration;
			buildSettings = {
				ASSETCATALOG_COMPILER_APPICON_NAME = AppIcon;
				ASSETCATALOG_COMPILER_GLOBAL_ACCENT_COLOR_NAME = AccentColor;
				CODE_SIGN_ENTITLEMENTS = App/App.entitlements;
				CODE_SIGN_IDENTITY = "iPhone Developer";
				GENERATE_INFOPLIST_FILE = NO;
				INFOPLIST_FILE = App/Info.plist;
				LD_RUNPATH_SEARCH_PATHS = (
					"$(inherited)",
					"@executable_path/Frameworks",
				);
				PRODUCT_BUNDLE_IDENTIFIER = com.angelcriber.silox;
				PRODUCT_NAME = Silox;
				SDKROOT = iphoneos;
				TARGETED_DEVICE_FAMILY = 1;
			};
			name = Release;
		};
		5C9EF0E6AF4F9491454DE177 /* Release */ = {
			isa = XCBuildConfiguration;
			baseConfigurationReference = BAA399B137B1BADFC8357923 /* Release.xcconfig */;
			buildSettings = {
				ALWAYS_SEARCH_USER_PATHS = NO;
				CLANG_ANALYZER_NONNULL = YES;
				CLANG_ANALYZER_NUMBER_OBJECT_CONVERSION = YES_AGGRESSIVE;
				CLANG_CXX_LANGUAGE_STANDARD = "gnu++14";
				CLANG_CXX_LIBRARY = "libc++";
				CLANG_ENABLE_MODULES = YES;
				CLANG_ENABLE_OBJC_ARC = YES;
				CLANG_ENABLE_OBJC_WEAK = YES;
				CLANG_WARN_BLOCK_CAPTURE_AUTORELEASING = YES;
				CLANG_WARN_BOOL_CONVERSION = YES;
				CLANG_WARN_COMMA = YES;
				CLANG_WARN_CONSTANT_CONVERSION = YES;
				CLANG_WARN_DEPRECATED_OBJC_IMPLEMENTATIONS = YES;
				CLANG_WARN_DIRECT_OBJC_ISA_USAGE = YES_ERROR;
				CLANG_WARN_DOCUMENTATION_COMMENTS = YES;
				CLANG_WARN_EMPTY_BODY = YES;
				CLANG_WARN_ENUM_CONVERSION = YES;
				CLANG_WARN_INFINITE_RECURSION = YES;
				CLANG_WARN_INT_CONVERSION = YES;
				CLANG_WARN_NON_LITERAL_NULL_CONVERSION = YES;
				CLANG_WARN_OBJC_IMPLICIT_RETAIN_SELF = YES;
				CLANG_WARN_OBJC_LITERAL_CONVERSION = YES;
				CLANG_WARN_OBJC_ROOT_CLASS = YES_ERROR;
				CLANG_WARN_QUOTED_INCLUDE_IN_FRAMEWORK_HEADER = YES;
				CLANG_WARN_RANGE_LOOP_ANALYSIS = YES;
				CLANG_WARN_STRICT_PROTOTYPES = YES;
				CLANG_WARN_SUSPICIOUS_MOVE = YES;
				CLANG_WARN_UNGUARDED_AVAILABILITY = YES_AGGRESSIVE;
				CLANG_WARN_UNREACHABLE_CODE = YES;
				CLANG_WARN__DUPLICATE_METHOD_MATCH = YES;
				CODE_SIGN_STYLE = Automatic;
				COPY_PHASE_STRIP = NO;
				CURRENT_PROJECT_VERSION = 2;
				DEBUG_INFORMATION_FORMAT = "dwarf-with-dsym";
				DEVELOPMENT_TEAM = MVY4C25YM4;
				ENABLE_NS_ASSERTIONS = NO;
				ENABLE_STRICT_OBJC_MSGSEND = YES;
				GCC_C_LANGUAGE_STANDARD = gnu11;
				GCC_NO_COMMON_BLOCKS = YES;
				GCC_WARN_64_TO_32_BIT_CONVERSION = YES;
				GCC_WARN_ABOUT_RETURN_TYPE = YES_ERROR;
				GCC_WARN_UNDECLARED_SELECTOR = YES;
				GCC_WARN_UNINITIALIZED_AUTOS = YES_AGGRESSIVE;
				GCC_WARN_UNUSED_FUNCTION = YES;
				GCC_WARN_UNUSED_VARIABLE = YES;
				IPHONEOS_DEPLOYMENT_TARGET = 18.0;
				MARKETING_VERSION = 1.1;
				MTL_ENABLE_DEBUG_INFO = NO;
				MTL_FAST_MATH = YES;
				PRODUCT_NAME = "$(TARGET_NAME)";
				SDKROOT = iphoneos;
				SUPPORTS_MACCATALYST = NO;
				SWIFT_COMPILATION_MODE = wholemodule;
				SWIFT_OPTIMIZATION_LEVEL = "-O";
				SWIFT_VERSION = 5.0;
				TARGETED_DEVICE_FAMILY = 1;
			};
			name = Release;
		};
		62C09CBA57ED6C345F006DD3 /* Debug */ = {
			isa = XCBuildConfiguration;
			buildSettings = {
				BUNDLE_LOADER = "$(TEST_HOST)";
				GENERATE_INFOPLIST_FILE = YES;
				LD_RUNPATH_SEARCH_PATHS = (
					"$(inherited)",
					"@executable_path/Frameworks",
					"@loader_path/Frameworks",
				);
				PRODUCT_BUNDLE_IDENTIFIER = com.angelcriber.silox.tests;
				SDKROOT = iphoneos;
				TARGETED_DEVICE_FAMILY = "1,2";
				TEST_HOST = "$(BUILT_PRODUCTS_DIR)/Silox.app/$(BUNDLE_EXECUTABLE_FOLDER_PATH)/Silox";
			};
			name = Debug;
		};
		80EB097A521C1D64D2339534 /* Staging */ = {
			isa = XCBuildConfiguration;
			buildSettings = {
				BUNDLE_LOADER = "$(TEST_HOST)";
				GENERATE_INFOPLIST_FILE = YES;
				LD_RUNPATH_SEARCH_PATHS = (
					"$(inherited)",
					"@executable_path/Frameworks",
					"@loader_path/Frameworks",
				);
				PRODUCT_BUNDLE_IDENTIFIER = com.angelcriber.silox.tests;
				SDKROOT = iphoneos;
				TARGETED_DEVICE_FAMILY = "1,2";
				TEST_HOST = "$(BUILT_PRODUCTS_DIR)/Silox.app/$(BUNDLE_EXECUTABLE_FOLDER_PATH)/Silox";
			};
			name = Staging;
		};
		87A2065D3B14DACDF42F9735 /* Staging */ = {
			isa = XCBuildConfiguration;
			buildSettings = {
				ASSETCATALOG_COMPILER_APPICON_NAME = AppIcon;
				ASSETCATALOG_COMPILER_GLOBAL_ACCENT_COLOR_NAME = AccentColor;
				CODE_SIGN_ENTITLEMENTS = App/App.entitlements;
				CODE_SIGN_IDENTITY = "iPhone Developer";
				GENERATE_INFOPLIST_FILE = NO;
				INFOPLIST_FILE = App/Info.plist;
				LD_RUNPATH_SEARCH_PATHS = (
					"$(inherited)",
					"@executable_path/Frameworks",
				);
				PRODUCT_BUNDLE_IDENTIFIER = com.angelcriber.silox;
				PRODUCT_NAME = Silox;
				SDKROOT = iphoneos;
				TARGETED_DEVICE_FAMILY = 1;
			};
			name = Staging;
		};
		8C4E71D47EBDE6C702FC895C /* Debug */ = {
			isa = XCBuildConfiguration;
			buildSettings = {
				APPLICATION_EXTENSION_API_ONLY = YES;
				CODE_SIGN_ENTITLEMENTS = SiloxWidgetExtension.entitlements;
				GENERATE_INFOPLIST_FILE = NO;
				INFOPLIST_FILE = SiloxWidget/Info.plist;
				LD_RUNPATH_SEARCH_PATHS = (
					"$(inherited)",
					"@executable_path/Frameworks",
					"@executable_path/../../Frameworks",
				);
				PRODUCT_BUNDLE_IDENTIFIER = com.angelcriber.silox.SiloxWidget;
				PRODUCT_NAME = SiloxWidgetExtension;
				SDKROOT = iphoneos;
				SKIP_INSTALL = YES;
				TARGETED_DEVICE_FAMILY = 1;
			};
			name = Debug;
		};
		B531F0A6AD946683E431DCD4 /* Staging */ = {
			isa = XCBuildConfiguration;
			baseConfigurationReference = 4A496B104EA03BEF3FD03592 /* Staging.xcconfig */;
			buildSettings = {
				ALWAYS_SEARCH_USER_PATHS = NO;
				CLANG_ANALYZER_NONNULL = YES;
				CLANG_ANALYZER_NUMBER_OBJECT_CONVERSION = YES_AGGRESSIVE;
				CLANG_CXX_LANGUAGE_STANDARD = "gnu++14";
				CLANG_CXX_LIBRARY = "libc++";
				CLANG_ENABLE_MODULES = YES;
				CLANG_ENABLE_OBJC_ARC = YES;
				CLANG_ENABLE_OBJC_WEAK = YES;
				CLANG_WARN_BLOCK_CAPTURE_AUTORELEASING = YES;
				CLANG_WARN_BOOL_CONVERSION = YES;
				CLANG_WARN_COMMA = YES;
				CLANG_WARN_CONSTANT_CONVERSION = YES;
				CLANG_WARN_DEPRECATED_OBJC_IMPLEMENTATIONS = YES;
				CLANG_WARN_DIRECT_OBJC_ISA_USAGE = YES_ERROR;
				CLANG_WARN_DOCUMENTATION_COMMENTS = YES;
				CLANG_WARN_EMPTY_BODY = YES;
				CLANG_WARN_ENUM_CONVERSION = YES;
				CLANG_WARN_INFINITE_RECURSION = YES;
				CLANG_WARN_INT_CONVERSION = YES;
				CLANG_WARN_NON_LITERAL_NULL_CONVERSION = YES;
				CLANG_WARN_OBJC_IMPLICIT_RETAIN_SELF = YES;
				CLANG_WARN_OBJC_LITERAL_CONVERSION = YES;
				CLANG_WARN_OBJC_ROOT_CLASS = YES_ERROR;
				CLANG_WARN_QUOTED_INCLUDE_IN_FRAMEWORK_HEADER = YES;
				CLANG_WARN_RANGE_LOOP_ANALYSIS = YES;
				CLANG_WARN_STRICT_PROTOTYPES = YES;
				CLANG_WARN_SUSPICIOUS_MOVE = YES;
				CLANG_WARN_UNGUARDED_AVAILABILITY = YES_AGGRESSIVE;
				CLANG_WARN_UNREACHABLE_CODE = YES;
				CLANG_WARN__DUPLICATE_METHOD_MATCH = YES;
				CODE_SIGN_STYLE = Automatic;
				COPY_PHASE_STRIP = NO;
				CURRENT_PROJECT_VERSION = 2;
				DEBUG_INFORMATION_FORMAT = "dwarf-with-dsym";
				DEVELOPMENT_TEAM = MVY4C25YM4;
				ENABLE_NS_ASSERTIONS = NO;
				ENABLE_STRICT_OBJC_MSGSEND = YES;
				GCC_C_LANGUAGE_STANDARD = gnu11;
				GCC_NO_COMMON_BLOCKS = YES;
				GCC_WARN_64_TO_32_BIT_CONVERSION = YES;
				GCC_WARN_ABOUT_RETURN_TYPE = YES_ERROR;
				GCC_WARN_UNDECLARED_SELECTOR = YES;
				GCC_WARN_UNINITIALIZED_AUTOS = YES_AGGRESSIVE;
				GCC_WARN_UNUSED_FUNCTION = YES;
				GCC_WARN_UNUSED_VARIABLE = YES;
				IPHONEOS_DEPLOYMENT_TARGET = 18.0;
				MARKETING_VERSION = 1.1;
				MTL_ENABLE_DEBUG_INFO = NO;
				MTL_FAST_MATH = YES;
				PRODUCT_NAME = "$(TARGET_NAME)";
				SDKROOT = iphoneos;
				SUPPORTS_MACCATALYST = NO;
				SWIFT_COMPILATION_MODE = wholemodule;
				SWIFT_OPTIMIZATION_LEVEL = "-O";
				SWIFT_VERSION = 5.0;
				TARGETED_DEVICE_FAMILY = 1;
			};
			name = Staging;
		};
		C3A38AE2F3E435DE133B54B3 /* Staging */ = {
			isa = XCBuildConfiguration;
			buildSettings = {
				APPLICATION_EXTENSION_API_ONLY = YES;
				CODE_SIGN_ENTITLEMENTS = SiloxWidgetExtension.entitlements;
				GENERATE_INFOPLIST_FILE = NO;
				INFOPLIST_FILE = SiloxWidget/Info.plist;
				LD_RUNPATH_SEARCH_PATHS = (
					"$(inherited)",
					"@executable_path/Frameworks",
					"@executable_path/../../Frameworks",
				);
				PRODUCT_BUNDLE_IDENTIFIER = com.angelcriber.silox.SiloxWidget;
				PRODUCT_NAME = SiloxWidgetExtension;
				SDKROOT = iphoneos;
				SKIP_INSTALL = YES;
				TARGETED_DEVICE_FAMILY = 1;
			};
			name = Staging;
		};
		F61063B78755D98B1B9C3697 /* Debug */ = {
			isa = XCBuildConfiguration;
			baseConfigurationReference = 7C2AC2476E9B83F2B7CD0145 /* Debug.xcconfig */;
			buildSettings = {
				ALWAYS_SEARCH_USER_PATHS = NO;
				CLANG_ANALYZER_NONNULL = YES;
				CLANG_ANALYZER_NUMBER_OBJECT_CONVERSION = YES_AGGRESSIVE;
				CLANG_CXX_LANGUAGE_STANDARD = "gnu++14";
				CLANG_CXX_LIBRARY = "libc++";
				CLANG_ENABLE_MODULES = YES;
				CLANG_ENABLE_OBJC_ARC = YES;
				CLANG_ENABLE_OBJC_WEAK = YES;
				CLANG_WARN_BLOCK_CAPTURE_AUTORELEASING = YES;
				CLANG_WARN_BOOL_CONVERSION = YES;
				CLANG_WARN_COMMA = YES;
				CLANG_WARN_CONSTANT_CONVERSION = YES;
				CLANG_WARN_DEPRECATED_OBJC_IMPLEMENTATIONS = YES;
				CLANG_WARN_DIRECT_OBJC_ISA_USAGE = YES_ERROR;
				CLANG_WARN_DOCUMENTATION_COMMENTS = YES;
				CLANG_WARN_EMPTY_BODY = YES;
				CLANG_WARN_ENUM_CONVERSION = YES;
				CLANG_WARN_INFINITE_RECURSION = YES;
				CLANG_WARN_INT_CONVERSION = YES;
				CLANG_WARN_NON_LITERAL_NULL_CONVERSION = YES;
				CLANG_WARN_OBJC_IMPLICIT_RETAIN_SELF = YES;
				CLANG_WARN_OBJC_LITERAL_CONVERSION = YES;
				CLANG_WARN_OBJC_ROOT_CLASS = YES_ERROR;
				CLANG_WARN_QUOTED_INCLUDE_IN_FRAMEWORK_HEADER = YES;
				CLANG_WARN_RANGE_LOOP_ANALYSIS = YES;
				CLANG_WARN_STRICT_PROTOTYPES = YES;
				CLANG_WARN_SUSPICIOUS_MOVE = YES;
				CLANG_WARN_UNGUARDED_AVAILABILITY = YES_AGGRESSIVE;
				CLANG_WARN_UNREACHABLE_CODE = YES;
				CLANG_WARN__DUPLICATE_METHOD_MATCH = YES;
				CODE_SIGN_STYLE = Automatic;
				COPY_PHASE_STRIP = NO;
				CURRENT_PROJECT_VERSION = 2;
				DEBUG_INFORMATION_FORMAT = dwarf;
				DEVELOPMENT_TEAM = MVY4C25YM4;
				ENABLE_STRICT_OBJC_MSGSEND = YES;
				ENABLE_TESTABILITY = YES;
				GCC_C_LANGUAGE_STANDARD = gnu11;
				GCC_DYNAMIC_NO_PIC = NO;
				GCC_NO_COMMON_BLOCKS = YES;
				GCC_OPTIMIZATION_LEVEL = 0;
				GCC_PREPROCESSOR_DEFINITIONS = (
					"$(inherited)",
					"DEBUG=1",
				);
				GCC_WARN_64_TO_32_BIT_CONVERSION = YES;
				GCC_WARN_ABOUT_RETURN_TYPE = YES_ERROR;
				GCC_WARN_UNDECLARED_SELECTOR = YES;
				GCC_WARN_UNINITIALIZED_AUTOS = YES_AGGRESSIVE;
				GCC_WARN_UNUSED_FUNCTION = YES;
				GCC_WARN_UNUSED_VARIABLE = YES;
				IPHONEOS_DEPLOYMENT_TARGET = 18.0;
				MARKETING_VERSION = 1.1;
				MTL_ENABLE_DEBUG_INFO = INCLUDE_SOURCE;
				MTL_FAST_MATH = YES;
				ONLY_ACTIVE_ARCH = YES;
				PRODUCT_NAME = "$(TARGET_NAME)";
				SDKROOT = iphoneos;
				SUPPORTS_MACCATALYST = NO;
				SWIFT_OPTIMIZATION_LEVEL = "-Onone";
				SWIFT_VERSION = 5.0;
				TARGETED_DEVICE_FAMILY = 1;
			};
			name = Debug;
		};
		FACD77A87297D39F725B0C19 /* Release */ = {
			isa = XCBuildConfiguration;
			buildSettings = {
				BUNDLE_LOADER = "$(TEST_HOST)";
				GENERATE_INFOPLIST_FILE = YES;
				LD_RUNPATH_SEARCH_PATHS = (
					"$(inherited)",
					"@executable_path/Frameworks",
					"@loader_path/Frameworks",
				);
				PRODUCT_BUNDLE_IDENTIFIER = com.angelcriber.silox.tests;
				SDKROOT = iphoneos;
				TARGETED_DEVICE_FAMILY = "1,2";
				TEST_HOST = "$(BUILT_PRODUCTS_DIR)/Silox.app/$(BUNDLE_EXECUTABLE_FOLDER_PATH)/Silox";
			};
			name = Release;
		};
/* End XCBuildConfiguration section */

/* Begin XCConfigurationList section */
		27A2C83FA0073C4D2BCAD64E /* Build configuration list for PBXNativeTarget "SiloxUITests" */ = {
			isa = XCConfigurationList;
			buildConfigurations = (
				2DD644D7907CC39B3FD4FB43 /* Debug */,
				18DADF997EA0EC0D0D5B1EAE /* Release */,
				0BC66B9A290A33C76DC91968 /* Staging */,
			);
			defaultConfigurationIsVisible = 0;
			defaultConfigurationName = Debug;
		};
		5F5E3D6976B7FFD75E055A3C /* Build configuration list for PBXNativeTarget "SiloxWidgetExtension" */ = {
			isa = XCConfigurationList;
			buildConfigurations = (
				8C4E71D47EBDE6C702FC895C /* Debug */,
				198C47C00F93B099DAA900CE /* Release */,
				C3A38AE2F3E435DE133B54B3 /* Staging */,
			);
			defaultConfigurationIsVisible = 0;
			defaultConfigurationName = Debug;
		};
		B3FD05C59F197F398A0B04AB /* Build configuration list for PBXProject "App" */ = {
			isa = XCConfigurationList;
			buildConfigurations = (
				F61063B78755D98B1B9C3697 /* Debug */,
				5C9EF0E6AF4F9491454DE177 /* Release */,
				B531F0A6AD946683E431DCD4 /* Staging */,
			);
			defaultConfigurationIsVisible = 0;
			defaultConfigurationName = Debug;
		};
		BAC985EC7E23D04286CD0F81 /* Build configuration list for PBXNativeTarget "SiloxTests" */ = {
			isa = XCConfigurationList;
			buildConfigurations = (
				62C09CBA57ED6C345F006DD3 /* Debug */,
				FACD77A87297D39F725B0C19 /* Release */,
				80EB097A521C1D64D2339534 /* Staging */,
			);
			defaultConfigurationIsVisible = 0;
			defaultConfigurationName = Debug;
		};
		E999D124248901EB78756F4D /* Build configuration list for PBXNativeTarget "Silox" */ = {
			isa = XCConfigurationList;
			buildConfigurations = (
				3398A750792E24C29AA6F0F7 /* Debug */,
				3FEEAFF89C3D1C900B79BFEC /* Release */,
				87A2065D3B14DACDF42F9735 /* Staging */,
			);
			defaultConfigurationIsVisible = 0;
			defaultConfigurationName = Debug;
		};
/* End XCConfigurationList section */
	};
	rootObject = 6B590BF25178DC7D824D09CE /* Project object */;
}
